
Microsoft Visual Studio Solution File, Format Version 12.00
# Visual Studio Version 17
VisualStudioVersion = 17.0.31314.256
MinimumVisualStudioVersion = 10.0.40219.1
Project("{2150E333-8FDC-42A3-9474-1A3956D46DE8}") = "Automation", "Automation", "{0BFBE63A-B98A-3411-8EEB-8918FEC737B3}"
EndProject
Project("{2150E333-8FDC-42A3-9474-1A3956D46DE8}") = "Engine", "Engine", "{233774A8-CC9D-3FA9-86D1-90573E92B704}"
EndProject
Project("{2150E333-8FDC-42A3-9474-1A3956D46DE8}") = "Games", "Games", "{DE1F8B53-6C02-3C13-9101-A7C8D96F3FF6}"
EndProject
Project("{2150E333-8FDC-42A3-9474-1A3956D46DE8}") = "Programs", "Programs", "{A338B9E2-A559-34BE-A46D-F789DD488FAD}"
EndProject
Project("{2150E333-8FDC-42A3-9474-1A3956D46DE8}") = "Rules", "Rules", "{C2F57ECE-B26F-39D8-BDA7-C1D40BD8F180}"
EndProject
Project("{2150E333-8FDC-42A3-9474-1A3956D46DE8}") = "Shared", "Shared", "{57713676-9DBE-331C-AD10-26632AC9EE0C}"
EndProject
Project("{2150E333-8FDC-42A3-9474-1A3956D46DE8}") = "UnrealBuildTool.Plugins", "UnrealBuildTool.Plugins", "{7B5CFB44-F0FB-31DF-AE62-C3C096A29A7B}"
EndProject
Project("{8BC9CEB8-8B4A-11D0-8D11-00A0C91BC942}") = "UE5", "Intermediate\ProjectFiles\UE5.vcxproj", "{2EC58D24-884A-34C5-BB7C-F13EB0916873}"
EndProject
Project("{8BC9CEB8-8B4A-11D0-8D11-00A0C91BC942}") = "ObstacleAssault", "Intermediate\ProjectFiles\ObstacleAssault.vcxproj", "{BF7DB8C2-882C-393B-BAE6-0871599C5C5B}"
	ProjectSection(ProjectDependencies) = postProject
		{9DBC3DC5-58D2-39A2-943B-ECC436AAAF6E} = {9DBC3DC5-58D2-39A2-943B-ECC436AAAF6E}
	EndProjectSection
EndProject
Project("{FAE04EC0-301F-11D3-BF4B-00C04F79EFBC}") = "UnrealBuildTool", "..\..\..\..\..\Program Files (x86)\Epic Games\UE_5.3\Engine\Source\Programs\UnrealBuildTool\UnrealBuildTool.csproj", "{9DBC3DC5-58D2-39A2-943B-ECC436AAAF6E}"
EndProject
Project("{FAE04EC0-301F-11D3-BF4B-00C04F79EFBC}") = "AutomationTool", "..\..\..\..\..\Program Files (x86)\Epic Games\UE_5.3\Engine\Source\Programs\AutomationTool\AutomationTool.csproj", "{6A768F39-F99E-34C4-AB80-895A65070786}"
EndProject
Project("{FAE04EC0-301F-11D3-BF4B-00C04F79EFBC}") = "Android.Automation", "..\..\..\..\..\Program Files (x86)\Epic Games\UE_5.3\Engine\Source\Programs\AutomationTool\Android\Android.Automation.csproj", "{62C63816-3623-3065-89A5-0CD5B83A6072}"
EndProject
Project("{FAE04EC0-301F-11D3-BF4B-00C04F79EFBC}") = "Apple.Automation", "..\..\..\..\..\Program Files (x86)\Epic Games\UE_5.3\Engine\Source\Programs\AutomationTool\Apple\Apple.Automation.csproj", "{723B0773-0B92-3422-A6EE-359B8823D17A}"
EndProject
Project("{FAE04EC0-301F-11D3-BF4B-00C04F79EFBC}") = "AutomationUtils.Automation", "..\..\..\..\..\Program Files (x86)\Epic Games\UE_5.3\Engine\Source\Programs\AutomationTool\AutomationUtils\AutomationUtils.Automation.csproj", "{C57C110C-5977-380A-9AA5-E5EF94730838}"
EndProject
Project("{FAE04EC0-301F-11D3-BF4B-00C04F79EFBC}") = "BuildGraph.Automation", "..\..\..\..\..\Program Files (x86)\Epic Games\UE_5.3\Engine\Source\Programs\AutomationTool\BuildGraph\BuildGraph.Automation.csproj", "{F717502C-F958-369C-9F6F-096570AA10F9}"
EndProject
Project("{FAE04EC0-301F-11D3-BF4B-00C04F79EFBC}") = "CookedEditor.Automation", "..\..\..\..\..\Program Files (x86)\Epic Games\UE_5.3\Engine\Source\Programs\AutomationTool\CookedEditor\CookedEditor.Automation.csproj", "{FE1C2793-EEF8-3E93-8268-083A5FA473C9}"
EndProject
Project("{FAE04EC0-301F-11D3-BF4B-00C04F79EFBC}") = "CrowdinLocalization.Automation", "..\..\..\..\..\Program Files (x86)\Epic Games\UE_5.3\Engine\Source\Programs\AutomationTool\CrowdinLocalization\CrowdinLocalization.Automation.csproj", "{2C6EBF83-51D3-33DC-B5E2-C2F975212CF4}"
EndProject
Project("{FAE04EC0-301F-11D3-BF4B-00C04F79EFBC}") = "Gauntlet.Automation", "..\..\..\..\..\Program Files (x86)\Epic Games\UE_5.3\Engine\Source\Programs\AutomationTool\Gauntlet\Gauntlet.Automation.csproj", "{3CB1199E-B43F-323A-B526-902A0F0020FE}"
EndProject
Project("{FAE04EC0-301F-11D3-BF4B-00C04F79EFBC}") = "IOS.Automation", "..\..\..\..\..\Program Files (x86)\Epic Games\UE_5.3\Engine\Source\Programs\AutomationTool\IOS\IOS.Automation.csproj", "{56085AC3-E87C-316F-9E0C-2BFFEE0079EE}"
EndProject
Project("{FAE04EC0-301F-11D3-BF4B-00C04F79EFBC}") = "Linux.Automation", "..\..\..\..\..\Program Files (x86)\Epic Games\UE_5.3\Engine\Source\Programs\AutomationTool\Linux\Linux.Automation.csproj", "{327D9E09-9D26-3383-827C-21539C87D399}"
EndProject
Project("{FAE04EC0-301F-11D3-BF4B-00C04F79EFBC}") = "Localization.Automation", "..\..\..\..\..\Program Files (x86)\Epic Games\UE_5.3\Engine\Source\Programs\AutomationTool\Localization\Localization.Automation.csproj", "{A0D4659C-E853-3C17-BE06-DE47AFA33F53}"
EndProject
Project("{FAE04EC0-301F-11D3-BF4B-00C04F79EFBC}") = "LowLevelTests.Automation", "..\..\..\..\..\Program Files (x86)\Epic Games\UE_5.3\Engine\Source\Programs\AutomationTool\LowLevelTests\LowLevelTests.Automation.csproj", "{05E1DE64-3E20-39D1-80A2-8132D2C3C063}"
EndProject
Project("{FAE04EC0-301F-11D3-BF4B-00C04F79EFBC}") = "Mac.Automation", "..\..\..\..\..\Program Files (x86)\Epic Games\UE_5.3\Engine\Source\Programs\AutomationTool\Mac\Mac.Automation.csproj", "{E9228C24-479C-3843-A7F3-BBAAD5AD37AE}"
EndProject
Project("{FAE04EC0-301F-11D3-BF4B-00C04F79EFBC}") = "OneSkyLocalization.Automation", "..\..\..\..\..\Program Files (x86)\Epic Games\UE_5.3\Engine\Source\Programs\AutomationTool\OneSkyLocalization\OneSkyLocalization.Automation.csproj", "{B0AC8690-7C80-330B-AA4C-3ADE44C878C5}"
EndProject
Project("{FAE04EC0-301F-11D3-BF4B-00C04F79EFBC}") = "AutomationScripts.Automation", "..\..\..\..\..\Program Files (x86)\Epic Games\UE_5.3\Engine\Source\Programs\AutomationTool\Scripts\AutomationScripts.Automation.csproj", "{4BA32D92-D70F-3E89-8445-C0CE3326DA81}"
EndProject
Project("{FAE04EC0-301F-11D3-BF4B-00C04F79EFBC}") = "SmartlingLocalization.Automation", "..\..\..\..\..\Program Files (x86)\Epic Games\UE_5.3\Engine\Source\Programs\AutomationTool\SmartlingLocalization\SmartlingLocalization.Automation.csproj", "{BF44DA30-A542-3637-9DC7-E972803FA6FD}"
EndProject
Project("{FAE04EC0-301F-11D3-BF4B-00C04F79EFBC}") = "SteamDeck.Automation", "..\..\..\..\..\Program Files (x86)\Epic Games\UE_5.3\Engine\Source\Programs\AutomationTool\SteamDeck\SteamDeck.Automation.csproj", "{143CC030-8A45-33A8-9400-774616824826}"
EndProject
Project("{FAE04EC0-301F-11D3-BF4B-00C04F79EFBC}") = "TVOS.Automation", "..\..\..\..\..\Program Files (x86)\Epic Games\UE_5.3\Engine\Source\Programs\AutomationTool\TVOS\TVOS.Automation.csproj", "{064B37C0-AB7D-31EC-AE9F-433FF62BD44E}"
EndProject
Project("{FAE04EC0-301F-11D3-BF4B-00C04F79EFBC}") = "Turnkey.Automation", "..\..\..\..\..\Program Files (x86)\Epic Games\UE_5.3\Engine\Source\Programs\AutomationTool\Turnkey\Turnkey.Automation.csproj", "{2645BE2B-EA2A-3156-809A-727824B72ED1}"
EndProject
Project("{FAE04EC0-301F-11D3-BF4B-00C04F79EFBC}") = "Win.Automation", "..\..\..\..\..\Program Files (x86)\Epic Games\UE_5.3\Engine\Source\Programs\AutomationTool\Win\Win.Automation.csproj", "{2EFA9024-68CF-3AA5-9AE6-11E981E8A139}"
EndProject
Project("{FAE04EC0-301F-11D3-BF4B-00C04F79EFBC}") = "XLocLocalization.Automation", "..\..\..\..\..\Program Files (x86)\Epic Games\UE_5.3\Engine\Source\Programs\AutomationTool\XLocLocalization\XLocLocalization.Automation.csproj", "{23CAF69D-43B6-3207-8735-468EAD04906B}"
EndProject
Project("{FAE04EC0-301F-11D3-BF4B-00C04F79EFBC}") = "ScriptGeneratorUbtPlugin.ubtplugin", "..\..\..\..\..\Program Files (x86)\Epic Games\UE_5.3\Engine\Plugins\ScriptPlugin\Source\ScriptGeneratorUbtPlugin\ScriptGeneratorUbtPlugin.ubtplugin.csproj", "{2B68AC25-B286-3025-93F6-3999A9DCCF4E}"
EndProject
Project("{FAE04EC0-301F-11D3-BF4B-00C04F79EFBC}") = "EpicGames.AspNet", "..\..\..\..\..\Program Files (x86)\Epic Games\UE_5.3\Engine\Source\Programs\Shared\EpicGames.AspNet\EpicGames.AspNet.csproj", "{802D49C1-B87C-3281-B3A4-143BC84EB2DA}"
EndProject
Project("{FAE04EC0-301F-11D3-BF4B-00C04F79EFBC}") = "EpicGames.Box", "..\..\..\..\..\Program Files (x86)\Epic Games\UE_5.3\Engine\Source\Programs\Shared\EpicGames.Box\EpicGames.Box.csproj", "{5CA7670A-0FFA-3B70-A84B-6D080BF52A34}"
EndProject
Project("{FAE04EC0-301F-11D3-BF4B-00C04F79EFBC}") = "EpicGames.Build", "..\..\..\..\..\Program Files (x86)\Epic Games\UE_5.3\Engine\Source\Programs\Shared\EpicGames.Build\EpicGames.Build.csproj", "{2D316951-C3D3-35DA-B78B-A94A7C7443D3}"
EndProject
Project("{FAE04EC0-301F-11D3-BF4B-00C04F79EFBC}") = "EpicGames.BuildGraph", "..\..\..\..\..\Program Files (x86)\Epic Games\UE_5.3\Engine\Source\Programs\Shared\EpicGames.BuildGraph\EpicGames.BuildGraph.csproj", "{B014580E-55FA-3480-A4B5-2A77F079F0E6}"
EndProject
Project("{FAE04EC0-301F-11D3-BF4B-00C04F79EFBC}") = "EpicGames.Core", "..\..\..\..\..\Program Files (x86)\Epic Games\UE_5.3\Engine\Source\Programs\Shared\EpicGames.Core\EpicGames.Core.csproj", "{30C095D1-9A89-3AC5-BF9E-15701FEC9CF3}"
EndProject
Project("{FAE04EC0-301F-11D3-BF4B-00C04F79EFBC}") = "EpicGames.Horde", "..\..\..\..\..\Program Files (x86)\Epic Games\UE_5.3\Engine\Source\Programs\Shared\EpicGames.Horde\EpicGames.Horde.csproj", "{D5FCCE60-0857-3168-B33C-12A38CEDC8B9}"
EndProject
Project("{FAE04EC0-301F-11D3-BF4B-00C04F79EFBC}") = "EpicGames.IoHash", "..\..\..\..\..\Program Files (x86)\Epic Games\UE_5.3\Engine\Source\Programs\Shared\EpicGames.IoHash\EpicGames.IoHash.csproj", "{8B4CD7D7-A5C1-307A-AE19-9A2339CF5D13}"
EndProject
Project("{FAE04EC0-301F-11D3-BF4B-00C04F79EFBC}") = "EpicGames.Jupiter", "..\..\..\..\..\Program Files (x86)\Epic Games\UE_5.3\Engine\Source\Programs\Shared\EpicGames.Jupiter\EpicGames.Jupiter.csproj", "{4FC13A4D-DC7E-3ED7-986F-CF33B02C4664}"
EndProject
Project("{FAE04EC0-301F-11D3-BF4B-00C04F79EFBC}") = "EpicGames.MongoDB", "..\..\..\..\..\Program Files (x86)\Epic Games\UE_5.3\Engine\Source\Programs\Shared\EpicGames.MongoDB\EpicGames.MongoDB.csproj", "{63E677FB-9F42-3752-BA70-A379770ABBF5}"
EndProject
Project("{FAE04EC0-301F-11D3-BF4B-00C04F79EFBC}") = "EpicGames.MsBuild", "..\..\..\..\..\Program Files (x86)\Epic Games\UE_5.3\Engine\Source\Programs\Shared\EpicGames.MsBuild\EpicGames.MsBuild.csproj", "{FFAA5BD8-3D07-3BCA-8D74-1E99CDB49E38}"
EndProject
Project("{FAE04EC0-301F-11D3-BF4B-00C04F79EFBC}") = "EpicGames.OIDC", "..\..\..\..\..\Program Files (x86)\Epic Games\UE_5.3\Engine\Source\Programs\Shared\EpicGames.OIDC\EpicGames.OIDC.csproj", "{D155D13A-2118-34D1-913A-1D90EEBEA561}"
EndProject
Project("{FAE04EC0-301F-11D3-BF4B-00C04F79EFBC}") = "EpicGames.Oodle", "..\..\..\..\..\Program Files (x86)\Epic Games\UE_5.3\Engine\Source\Programs\Shared\EpicGames.Oodle\EpicGames.Oodle.csproj", "{D15DBBE0-9BF2-3F27-8DF2-C63935AA9A2A}"
EndProject
Project("{FAE04EC0-301F-11D3-BF4B-00C04F79EFBC}") = "EpicGames.Perforce", "..\..\..\..\..\Program Files (x86)\Epic Games\UE_5.3\Engine\Source\Programs\Shared\EpicGames.Perforce\EpicGames.Perforce.csproj", "{3036D042-12AD-30E2-8E45-2C27653A7911}"
EndProject
Project("{FAE04EC0-301F-11D3-BF4B-00C04F79EFBC}") = "EpicGames.Perforce.Fixture", "..\..\..\..\..\Program Files (x86)\Epic Games\UE_5.3\Engine\Source\Programs\Shared\EpicGames.Perforce.Fixture\EpicGames.Perforce.Fixture.csproj", "{F326C151-0BFA-3579-9F4B-D7196BBE29E7}"
EndProject
Project("{FAE04EC0-301F-11D3-BF4B-00C04F79EFBC}") = "EpicGames.Perforce.Managed", "..\..\..\..\..\Program Files (x86)\Epic Games\UE_5.3\Engine\Source\Programs\Shared\EpicGames.Perforce.Managed\EpicGames.Perforce.Managed.csproj", "{CCB8D34E-6603-35BA-AEDB-78049ECC455F}"
EndProject
Project("{FAE04EC0-301F-11D3-BF4B-00C04F79EFBC}") = "EpicGames.Redis", "..\..\..\..\..\Program Files (x86)\Epic Games\UE_5.3\Engine\Source\Programs\Shared\EpicGames.Redis\EpicGames.Redis.csproj", "{3AB2FEEB-B3D6-3252-A2DF-4CC4664C6B24}"
EndProject
Project("{FAE04EC0-301F-11D3-BF4B-00C04F79EFBC}") = "EpicGames.Serialization", "..\..\..\..\..\Program Files (x86)\Epic Games\UE_5.3\Engine\Source\Programs\Shared\EpicGames.Serialization\EpicGames.Serialization.csproj", "{2EDB711E-3741-3489-876F-E691BD7D82C7}"
EndProject
Project("{FAE04EC0-301F-11D3-BF4B-00C04F79EFBC}") = "EpicGames.Slack", "..\..\..\..\..\Program Files (x86)\Epic Games\UE_5.3\Engine\Source\Programs\Shared\EpicGames.Slack\EpicGames.Slack.csproj", "{CAC24A6E-1758-3A6A-BDC0-4CE6F94BD48D}"
EndProject
Project("{FAE04EC0-301F-11D3-BF4B-00C04F79EFBC}") = "EpicGames.Tracing", "..\..\..\..\..\Program Files (x86)\Epic Games\UE_5.3\Engine\Source\Programs\Shared\EpicGames.Tracing\EpicGames.Tracing.csproj", "{AF1AB6D6-235D-3098-BFAF-A9526EE44B34}"
EndProject
Project("{FAE04EC0-301F-11D3-BF4B-00C04F79EFBC}") = "EpicGames.UHT", "..\..\..\..\..\Program Files (x86)\Epic Games\UE_5.3\Engine\Source\Programs\Shared\EpicGames.UHT\EpicGames.UHT.csproj", "{B4EEA337-5077-306A-8B72-A0D767A5AD28}"
EndProject
Project("{FAE04EC0-301F-11D3-BF4B-00C04F79EFBC}") = "MarketplaceRules", "..\..\..\..\..\Program Files (x86)\Epic Games\UE_5.3\Engine\Intermediate\Build\BuildRulesProjects\MarketplaceRules\MarketplaceRules.csproj", "{FB0DBAE3-8AC5-3892-B3FC-94F43200CC82}"
EndProject
Project("{FAE04EC0-301F-11D3-BF4B-00C04F79EFBC}") = "UE5ProgramRules", "..\..\..\..\..\Program Files (x86)\Epic Games\UE_5.3\Engine\Intermediate\Build\BuildRulesProjects\UE5ProgramRules\UE5ProgramRules.csproj", "{01ACA9C7-C8F5-3AE1-A4B8-E11EDACFB5C7}"
EndProject
Project("{FAE04EC0-301F-11D3-BF4B-00C04F79EFBC}") = "UE5Rules", "..\..\..\..\..\Program Files (x86)\Epic Games\UE_5.3\Engine\Intermediate\Build\BuildRulesProjects\UE5Rules\UE5Rules.csproj", "{4FC13643-6C2C-3627-9BDF-E9218A4B93FE}"
EndProject
Project("{FAE04EC0-301F-11D3-BF4B-00C04F79EFBC}") = "ObstacleAssaultModuleRules", "Intermediate\Build\BuildRulesProjects\ObstacleAssaultModuleRules\ObstacleAssaultModuleRules.csproj", "{515DDC9F-9539-307A-9E42-D44A6B6B8857}"
EndProject
Project("{2150E333-8FDC-42A3-9474-1A3956D46DE8}") = "Visualizers", "Visualizers", "{1CCEC849-CC72-4C59-8C36-2F7C38706D4C}"
	ProjectSection(SolutionItems) = preProject
		..\..\..\..\..\Program Files (x86)\Epic Games\UE_5.3\Engine\Extras\VisualStudioDebugging\Unreal.natvis = ..\..\..\..\..\Program Files (x86)\Epic Games\UE_5.3\Engine\Extras\VisualStudioDebugging\Unreal.natvis
		..\..\..\..\..\Program Files (x86)\Epic Games\UE_5.3\Engine\Extras\VisualStudioDebugging\Unreal.natstepfilter = ..\..\..\..\..\Program Files (x86)\Epic Games\UE_5.3\Engine\Extras\VisualStudioDebugging\Unreal.natstepfilter
	EndProjectSection
EndProject
Global
	GlobalSection(SolutionConfigurationPlatforms) = preSolution
		DebugGame Editor|Win64 = DebugGame Editor|Win64
		DebugGame|Win64 = DebugGame|Win64
		Development Editor|Win64 = Development Editor|Win64
		Development|Win64 = Development|Win64
		Shipping|Win64 = Shipping|Win64
	EndGlobalSection
	# UnrealVS Section
	GlobalSection(ddbf523f-7eb6-4887-bd51-85a714ff87eb) = preSolution
		AvailablePlatforms=Win64
	EndGlobalSection
	GlobalSection(ProjectConfigurationPlatforms) = postSolution
		{2EC58D24-884A-34C5-BB7C-F13EB0916873}.DebugGame Editor|Win64.ActiveCfg = BuiltWithUnrealBuildTool|Win64
		{2EC58D24-884A-34C5-BB7C-F13EB0916873}.DebugGame|Win64.ActiveCfg = BuiltWithUnrealBuildTool|Win64
		{2EC58D24-884A-34C5-BB7C-F13EB0916873}.Development Editor|Win64.ActiveCfg = BuiltWithUnrealBuildTool|Win64
		{2EC58D24-884A-34C5-BB7C-F13EB0916873}.Development|Win64.ActiveCfg = BuiltWithUnrealBuildTool|Win64
		{2EC58D24-884A-34C5-BB7C-F13EB0916873}.Shipping|Win64.ActiveCfg = BuiltWithUnrealBuildTool|Win64
		{BF7DB8C2-882C-393B-BAE6-0871599C5C5B}.DebugGame Editor|Win64.ActiveCfg = DebugGame_Editor|x64
		{BF7DB8C2-882C-393B-BAE6-0871599C5C5B}.DebugGame Editor|Win64.Build.0 = DebugGame_Editor|x64
		{BF7DB8C2-882C-393B-BAE6-0871599C5C5B}.DebugGame|Win64.ActiveCfg = DebugGame|x64
		{BF7DB8C2-882C-393B-BAE6-0871599C5C5B}.DebugGame|Win64.Build.0 = DebugGame|x64
		{BF7DB8C2-882C-393B-BAE6-0871599C5C5B}.Development Editor|Win64.ActiveCfg = Development_Editor|x64
		{BF7DB8C2-882C-393B-BAE6-0871599C5C5B}.Development Editor|Win64.Build.0 = Development_Editor|x64
		{BF7DB8C2-882C-393B-BAE6-0871599C5C5B}.Development|Win64.ActiveCfg = Development|x64
		{BF7DB8C2-882C-393B-BAE6-0871599C5C5B}.Development|Win64.Build.0 = Development|x64
		{BF7DB8C2-882C-393B-BAE6-0871599C5C5B}.Shipping|Win64.ActiveCfg = Shipping|x64
		{BF7DB8C2-882C-393B-BAE6-0871599C5C5B}.Shipping|Win64.Build.0 = Shipping|x64
		{9DBC3DC5-58D2-39A2-943B-ECC436AAAF6E}.DebugGame Editor|Win64.ActiveCfg = Development|Any CPU
		{9DBC3DC5-58D2-39A2-943B-ECC436AAAF6E}.DebugGame Editor|Win64.Build.0 = Development|Any CPU
		{9DBC3DC5-58D2-39A2-943B-ECC436AAAF6E}.DebugGame|Win64.ActiveCfg = Development|Any CPU
		{9DBC3DC5-58D2-39A2-943B-ECC436AAAF6E}.DebugGame|Win64.Build.0 = Development|Any CPU
		{9DBC3DC5-58D2-39A2-943B-ECC436AAAF6E}.Development Editor|Win64.ActiveCfg = Development|Any CPU
		{9DBC3DC5-58D2-39A2-943B-ECC436AAAF6E}.Development Editor|Win64.Build.0 = Development|Any CPU
		{9DBC3DC5-58D2-39A2-943B-ECC436AAAF6E}.Development|Win64.ActiveCfg = Development|Any CPU
		{9DBC3DC5-58D2-39A2-943B-ECC436AAAF6E}.Development|Win64.Build.0 = Development|Any CPU
		{9DBC3DC5-58D2-39A2-943B-ECC436AAAF6E}.Shipping|Win64.ActiveCfg = Development|Any CPU
		{9DBC3DC5-58D2-39A2-943B-ECC436AAAF6E}.Shipping|Win64.Build.0 = Development|Any CPU
		{6A768F39-F99E-34C4-AB80-895A65070786}.DebugGame Editor|Win64.ActiveCfg = Development|Any CPU
		{6A768F39-F99E-34C4-AB80-895A65070786}.DebugGame Editor|Win64.Build.0 = Development|Any CPU
		{6A768F39-F99E-34C4-AB80-895A65070786}.DebugGame|Win64.ActiveCfg = Development|Any CPU
		{6A768F39-F99E-34C4-AB80-895A65070786}.DebugGame|Win64.Build.0 = Development|Any CPU
		{6A768F39-F99E-34C4-AB80-895A65070786}.Development Editor|Win64.ActiveCfg = Development|Any CPU
		{6A768F39-F99E-34C4-AB80-895A65070786}.Development Editor|Win64.Build.0 = Development|Any CPU
		{6A768F39-F99E-34C4-AB80-895A65070786}.Development|Win64.ActiveCfg = Development|Any CPU
		{6A768F39-F99E-34C4-AB80-895A65070786}.Development|Win64.Build.0 = Development|Any CPU
		{6A768F39-F99E-34C4-AB80-895A65070786}.Shipping|Win64.ActiveCfg = Development|Any CPU
		{6A768F39-F99E-34C4-AB80-895A65070786}.Shipping|Win64.Build.0 = Development|Any CPU
		{62C63816-3623-3065-89A5-0CD5B83A6072}.DebugGame Editor|Win64.ActiveCfg = Development|Any CPU
		{62C63816-3623-3065-89A5-0CD5B83A6072}.DebugGame Editor|Win64.Build.0 = Development|Any CPU
		{62C63816-3623-3065-89A5-0CD5B83A6072}.DebugGame|Win64.ActiveCfg = Development|Any CPU
		{62C63816-3623-3065-89A5-0CD5B83A6072}.DebugGame|Win64.Build.0 = Development|Any CPU
		{62C63816-3623-3065-89A5-0CD5B83A6072}.Development Editor|Win64.ActiveCfg = Development|Any CPU
		{62C63816-3623-3065-89A5-0CD5B83A6072}.Development Editor|Win64.Build.0 = Development|Any CPU
		{62C63816-3623-3065-89A5-0CD5B83A6072}.Development|Win64.ActiveCfg = Development|Any CPU
		{62C63816-3623-3065-89A5-0CD5B83A6072}.Development|Win64.Build.0 = Development|Any CPU
		{62C63816-3623-3065-89A5-0CD5B83A6072}.Shipping|Win64.ActiveCfg = Development|Any CPU
		{62C63816-3623-3065-89A5-0CD5B83A6072}.Shipping|Win64.Build.0 = Development|Any CPU
		{723B0773-0B92-3422-A6EE-359B8823D17A}.DebugGame Editor|Win64.ActiveCfg = Development|Any CPU
		{723B0773-0B92-3422-A6EE-359B8823D17A}.DebugGame Editor|Win64.Build.0 = Development|Any CPU
		{723B0773-0B92-3422-A6EE-359B8823D17A}.DebugGame|Win64.ActiveCfg = Development|Any CPU
		{723B0773-0B92-3422-A6EE-359B8823D17A}.DebugGame|Win64.Build.0 = Development|Any CPU
		{723B0773-0B92-3422-A6EE-359B8823D17A}.Development Editor|Win64.ActiveCfg = Development|Any CPU
		{723B0773-0B92-3422-A6EE-359B8823D17A}.Development Editor|Win64.Build.0 = Development|Any CPU
		{723B0773-0B92-3422-A6EE-359B8823D17A}.Development|Win64.ActiveCfg = Development|Any CPU
		{723B0773-0B92-3422-A6EE-359B8823D17A}.Development|Win64.Build.0 = Development|Any CPU
		{723B0773-0B92-3422-A6EE-359B8823D17A}.Shipping|Win64.ActiveCfg = Development|Any CPU
		{723B0773-0B92-3422-A6EE-359B8823D17A}.Shipping|Win64.Build.0 = Development|Any CPU
		{C57C110C-5977-380A-9AA5-E5EF94730838}.DebugGame Editor|Win64.ActiveCfg = Development|Any CPU
		{C57C110C-5977-380A-9AA5-E5EF94730838}.DebugGame Editor|Win64.Build.0 = Development|Any CPU
		{C57C110C-5977-380A-9AA5-E5EF94730838}.DebugGame|Win64.ActiveCfg = Development|Any CPU
		{C57C110C-5977-380A-9AA5-E5EF94730838}.DebugGame|Win64.Build.0 = Development|Any CPU
		{C57C110C-5977-380A-9AA5-E5EF94730838}.Development Editor|Win64.ActiveCfg = Development|Any CPU
		{C57C110C-5977-380A-9AA5-E5EF94730838}.Development Editor|Win64.Build.0 = Development|Any CPU
		{C57C110C-5977-380A-9AA5-E5EF94730838}.Development|Win64.ActiveCfg = Development|Any CPU
		{C57C110C-5977-380A-9AA5-E5EF94730838}.Development|Win64.Build.0 = Development|Any CPU
		{C57C110C-5977-380A-9AA5-E5EF94730838}.Shipping|Win64.ActiveCfg = Development|Any CPU
		{C57C110C-5977-380A-9AA5-E5EF94730838}.Shipping|Win64.Build.0 = Development|Any CPU
		{F717502C-F958-369C-9F6F-096570AA10F9}.DebugGame Editor|Win64.ActiveCfg = Development|Any CPU
		{F717502C-F958-369C-9F6F-096570AA10F9}.DebugGame Editor|Win64.Build.0 = Development|Any CPU
		{F717502C-F958-369C-9F6F-096570AA10F9}.DebugGame|Win64.ActiveCfg = Development|Any CPU
		{F717502C-F958-369C-9F6F-096570AA10F9}.DebugGame|Win64.Build.0 = Development|Any CPU
		{F717502C-F958-369C-9F6F-096570AA10F9}.Development Editor|Win64.ActiveCfg = Development|Any CPU
		{F717502C-F958-369C-9F6F-096570AA10F9}.Development Editor|Win64.Build.0 = Development|Any CPU
		{F717502C-F958-369C-9F6F-096570AA10F9}.Development|Win64.ActiveCfg = Development|Any CPU
		{F717502C-F958-369C-9F6F-096570AA10F9}.Development|Win64.Build.0 = Development|Any CPU
		{F717502C-F958-369C-9F6F-096570AA10F9}.Shipping|Win64.ActiveCfg = Development|Any CPU
		{F717502C-F958-369C-9F6F-096570AA10F9}.Shipping|Win64.Build.0 = Development|Any CPU
		{FE1C2793-EEF8-3E93-8268-083A5FA473C9}.DebugGame Editor|Win64.ActiveCfg = Development|Any CPU
		{FE1C2793-EEF8-3E93-8268-083A5FA473C9}.DebugGame Editor|Win64.Build.0 = Development|Any CPU
		{FE1C2793-EEF8-3E93-8268-083A5FA473C9}.DebugGame|Win64.ActiveCfg = Development|Any CPU
		{FE1C2793-EEF8-3E93-8268-083A5FA473C9}.DebugGame|Win64.Build.0 = Development|Any CPU
		{FE1C2793-EEF8-3E93-8268-083A5FA473C9}.Development Editor|Win64.ActiveCfg = Development|Any CPU
		{FE1C2793-EEF8-3E93-8268-083A5FA473C9}.Development Editor|Win64.Build.0 = Development|Any CPU
		{FE1C2793-EEF8-3E93-8268-083A5FA473C9}.Development|Win64.ActiveCfg = Development|Any CPU
		{FE1C2793-EEF8-3E93-8268-083A5FA473C9}.Development|Win64.Build.0 = Development|Any CPU
		{FE1C2793-EEF8-3E93-8268-083A5FA473C9}.Shipping|Win64.ActiveCfg = Development|Any CPU
		{FE1C2793-EEF8-3E93-8268-083A5FA473C9}.Shipping|Win64.Build.0 = Development|Any CPU
		{2C6EBF83-51D3-33DC-B5E2-C2F975212CF4}.DebugGame Editor|Win64.ActiveCfg = Development|Any CPU
		{2C6EBF83-51D3-33DC-B5E2-C2F975212CF4}.DebugGame Editor|Win64.Build.0 = Development|Any CPU
		{2C6EBF83-51D3-33DC-B5E2-C2F975212CF4}.DebugGame|Win64.ActiveCfg = Development|Any CPU
		{2C6EBF83-51D3-33DC-B5E2-C2F975212CF4}.DebugGame|Win64.Build.0 = Development|Any CPU
		{2C6EBF83-51D3-33DC-B5E2-C2F975212CF4}.Development Editor|Win64.ActiveCfg = Development|Any CPU
		{2C6EBF83-51D3-33DC-B5E2-C2F975212CF4}.Development Editor|Win64.Build.0 = Development|Any CPU
		{2C6EBF83-51D3-33DC-B5E2-C2F975212CF4}.Development|Win64.ActiveCfg = Development|Any CPU
		{2C6EBF83-51D3-33DC-B5E2-C2F975212CF4}.Development|Win64.Build.0 = Development|Any CPU
		{2C6EBF83-51D3-33DC-B5E2-C2F975212CF4}.Shipping|Win64.ActiveCfg = Development|Any CPU
		{2C6EBF83-51D3-33DC-B5E2-C2F975212CF4}.Shipping|Win64.Build.0 = Development|Any CPU
		{3CB1199E-B43F-323A-B526-902A0F0020FE}.DebugGame Editor|Win64.ActiveCfg = Development|Any CPU
		{3CB1199E-B43F-323A-B526-902A0F0020FE}.DebugGame Editor|Win64.Build.0 = Development|Any CPU
		{3CB1199E-B43F-323A-B526-902A0F0020FE}.DebugGame|Win64.ActiveCfg = Development|Any CPU
		{3CB1199E-B43F-323A-B526-902A0F0020FE}.DebugGame|Win64.Build.0 = Development|Any CPU
		{3CB1199E-B43F-323A-B526-902A0F0020FE}.Development Editor|Win64.ActiveCfg = Development|Any CPU
		{3CB1199E-B43F-323A-B526-902A0F0020FE}.Development Editor|Win64.Build.0 = Development|Any CPU
		{3CB1199E-B43F-323A-B526-902A0F0020FE}.Development|Win64.ActiveCfg = Development|Any CPU
		{3CB1199E-B43F-323A-B526-902A0F0020FE}.Development|Win64.Build.0 = Development|Any CPU
		{3CB1199E-B43F-323A-B526-902A0F0020FE}.Shipping|Win64.ActiveCfg = Development|Any CPU
		{3CB1199E-B43F-323A-B526-902A0F0020FE}.Shipping|Win64.Build.0 = Development|Any CPU
		{56085AC3-E87C-316F-9E0C-2BFFEE0079EE}.DebugGame Editor|Win64.ActiveCfg = Development|Any CPU
		{56085AC3-E87C-316F-9E0C-2BFFEE0079EE}.DebugGame Editor|Win64.Build.0 = Development|Any CPU
		{56085AC3-E87C-316F-9E0C-2BFFEE0079EE}.DebugGame|Win64.ActiveCfg = Development|Any CPU
		{56085AC3-E87C-316F-9E0C-2BFFEE0079EE}.DebugGame|Win64.Build.0 = Development|Any CPU
		{56085AC3-E87C-316F-9E0C-2BFFEE0079EE}.Development Editor|Win64.ActiveCfg = Development|Any CPU
		{56085AC3-E87C-316F-9E0C-2BFFEE0079EE}.Development Editor|Win64.Build.0 = Development|Any CPU
		{56085AC3-E87C-316F-9E0C-2BFFEE0079EE}.Development|Win64.ActiveCfg = Development|Any CPU
		{56085AC3-E87C-316F-9E0C-2BFFEE0079EE}.Development|Win64.Build.0 = Development|Any CPU
		{56085AC3-E87C-316F-9E0C-2BFFEE0079EE}.Shipping|Win64.ActiveCfg = Development|Any CPU
		{56085AC3-E87C-316F-9E0C-2BFFEE0079EE}.Shipping|Win64.Build.0 = Development|Any CPU
		{327D9E09-9D26-3383-827C-21539C87D399}.DebugGame Editor|Win64.ActiveCfg = Development|Any CPU
		{327D9E09-9D26-3383-827C-21539C87D399}.DebugGame Editor|Win64.Build.0 = Development|Any CPU
		{327D9E09-9D26-3383-827C-21539C87D399}.DebugGame|Win64.ActiveCfg = Development|Any CPU
		{327D9E09-9D26-3383-827C-21539C87D399}.DebugGame|Win64.Build.0 = Development|Any CPU
		{327D9E09-9D26-3383-827C-21539C87D399}.Development Editor|Win64.ActiveCfg = Development|Any CPU
		{327D9E09-9D26-3383-827C-21539C87D399}.Development Editor|Win64.Build.0 = Development|Any CPU
		{327D9E09-9D26-3383-827C-21539C87D399}.Development|Win64.ActiveCfg = Development|Any CPU
		{327D9E09-9D26-3383-827C-21539C87D399}.Development|Win64.Build.0 = Development|Any CPU
		{327D9E09-9D26-3383-827C-21539C87D399}.Shipping|Win64.ActiveCfg = Development|Any CPU
		{327D9E09-9D26-3383-827C-21539C87D399}.Shipping|Win64.Build.0 = Development|Any CPU
		{A0D4659C-E853-3C17-BE06-DE47AFA33F53}.DebugGame Editor|Win64.ActiveCfg = Development|Any CPU
		{A0D4659C-E853-3C17-BE06-DE47AFA33F53}.DebugGame Editor|Win64.Build.0 = Development|Any CPU
		{A0D4659C-E853-3C17-BE06-DE47AFA33F53}.DebugGame|Win64.ActiveCfg = Development|Any CPU
		{A0D4659C-E853-3C17-BE06-DE47AFA33F53}.DebugGame|Win64.Build.0 = Development|Any CPU
		{A0D4659C-E853-3C17-BE06-DE47AFA33F53}.Development Editor|Win64.ActiveCfg = Development|Any CPU
		{A0D4659C-E853-3C17-BE06-DE47AFA33F53}.Development Editor|Win64.Build.0 = Development|Any CPU
		{A0D4659C-E853-3C17-BE06-DE47AFA33F53}.Development|Win64.ActiveCfg = Development|Any CPU
		{A0D4659C-E853-3C17-BE06-DE47AFA33F53}.Development|Win64.Build.0 = Development|Any CPU
		{A0D4659C-E853-3C17-BE06-DE47AFA33F53}.Shipping|Win64.ActiveCfg = Development|Any CPU
		{A0D4659C-E853-3C17-BE06-DE47AFA33F53}.Shipping|Win64.Build.0 = Development|Any CPU
		{05E1DE64-3E20-39D1-80A2-8132D2C3C063}.DebugGame Editor|Win64.ActiveCfg = Development|Any CPU
		{05E1DE64-3E20-39D1-80A2-8132D2C3C063}.DebugGame Editor|Win64.Build.0 = Development|Any CPU
		{05E1DE64-3E20-39D1-80A2-8132D2C3C063}.DebugGame|Win64.ActiveCfg = Development|Any CPU
		{05E1DE64-3E20-39D1-80A2-8132D2C3C063}.DebugGame|Win64.Build.0 = Development|Any CPU
		{05E1DE64-3E20-39D1-80A2-8132D2C3C063}.Development Editor|Win64.ActiveCfg = Development|Any CPU
		{05E1DE64-3E20-39D1-80A2-8132D2C3C063}.Development Editor|Win64.Build.0 = Development|Any CPU
		{05E1DE64-3E20-39D1-80A2-8132D2C3C063}.Development|Win64.ActiveCfg = Development|Any CPU
		{05E1DE64-3E20-39D1-80A2-8132D2C3C063}.Development|Win64.Build.0 = Development|Any CPU
		{05E1DE64-3E20-39D1-80A2-8132D2C3C063}.Shipping|Win64.ActiveCfg = Development|Any CPU
		{05E1DE64-3E20-39D1-80A2-8132D2C3C063}.Shipping|Win64.Build.0 = Development|Any CPU
		{E9228C24-479C-3843-A7F3-BBAAD5AD37AE}.DebugGame Editor|Win64.ActiveCfg = Development|Any CPU
		{E9228C24-479C-3843-A7F3-BBAAD5AD37AE}.DebugGame Editor|Win64.Build.0 = Development|Any CPU
		{E9228C24-479C-3843-A7F3-BBAAD5AD37AE}.DebugGame|Win64.ActiveCfg = Development|Any CPU
		{E9228C24-479C-3843-A7F3-BBAAD5AD37AE}.DebugGame|Win64.Build.0 = Development|Any CPU
		{E9228C24-479C-3843-A7F3-BBAAD5AD37AE}.Development Editor|Win64.ActiveCfg = Development|Any CPU
		{E9228C24-479C-3843-A7F3-BBAAD5AD37AE}.Development Editor|Win64.Build.0 = Development|Any CPU
		{E9228C24-479C-3843-A7F3-BBAAD5AD37AE}.Development|Win64.ActiveCfg = Development|Any CPU
		{E9228C24-479C-3843-A7F3-BBAAD5AD37AE}.Development|Win64.Build.0 = Development|Any CPU
		{E9228C24-479C-3843-A7F3-BBAAD5AD37AE}.Shipping|Win64.ActiveCfg = Development|Any CPU
		{E9228C24-479C-3843-A7F3-BBAAD5AD37AE}.Shipping|Win64.Build.0 = Development|Any CPU
		{B0AC8690-7C80-330B-AA4C-3ADE44C878C5}.DebugGame Editor|Win64.ActiveCfg = Development|Any CPU
		{B0AC8690-7C80-330B-AA4C-3ADE44C878C5}.DebugGame Editor|Win64.Build.0 = Development|Any CPU
		{B0AC8690-7C80-330B-AA4C-3ADE44C878C5}.DebugGame|Win64.ActiveCfg = Development|Any CPU
		{B0AC8690-7C80-330B-AA4C-3ADE44C878C5}.DebugGame|Win64.Build.0 = Development|Any CPU
		{B0AC8690-7C80-330B-AA4C-3ADE44C878C5}.Development Editor|Win64.ActiveCfg = Development|Any CPU
		{B0AC8690-7C80-330B-AA4C-3ADE44C878C5}.Development Editor|Win64.Build.0 = Development|Any CPU
		{B0AC8690-7C80-330B-AA4C-3ADE44C878C5}.Development|Win64.ActiveCfg = Development|Any CPU
		{B0AC8690-7C80-330B-AA4C-3ADE44C878C5}.Development|Win64.Build.0 = Development|Any CPU
		{B0AC8690-7C80-330B-AA4C-3ADE44C878C5}.Shipping|Win64.ActiveCfg = Development|Any CPU
		{B0AC8690-7C80-330B-AA4C-3ADE44C878C5}.Shipping|Win64.Build.0 = Development|Any CPU
		{4BA32D92-D70F-3E89-8445-C0CE3326DA81}.DebugGame Editor|Win64.ActiveCfg = Development|Any CPU
		{4BA32D92-D70F-3E89-8445-C0CE3326DA81}.DebugGame Editor|Win64.Build.0 = Development|Any CPU
		{4BA32D92-D70F-3E89-8445-C0CE3326DA81}.DebugGame|Win64.ActiveCfg = Development|Any CPU
		{4BA32D92-D70F-3E89-8445-C0CE3326DA81}.DebugGame|Win64.Build.0 = Development|Any CPU
		{4BA32D92-D70F-3E89-8445-C0CE3326DA81}.Development Editor|Win64.ActiveCfg = Development|Any CPU
		{4BA32D92-D70F-3E89-8445-C0CE3326DA81}.Development Editor|Win64.Build.0 = Development|Any CPU
		{4BA32D92-D70F-3E89-8445-C0CE3326DA81}.Development|Win64.ActiveCfg = Development|Any CPU
		{4BA32D92-D70F-3E89-8445-C0CE3326DA81}.Development|Win64.Build.0 = Development|Any CPU
		{4BA32D92-D70F-3E89-8445-C0CE3326DA81}.Shipping|Win64.ActiveCfg = Development|Any CPU
		{4BA32D92-D70F-3E89-8445-C0CE3326DA81}.Shipping|Win64.Build.0 = Development|Any CPU
		{BF44DA30-A542-3637-9DC7-E972803FA6FD}.DebugGame Editor|Win64.ActiveCfg = Development|Any CPU
		{BF44DA30-A542-3637-9DC7-E972803FA6FD}.DebugGame Editor|Win64.Build.0 = Development|Any CPU
		{BF44DA30-A542-3637-9DC7-E972803FA6FD}.DebugGame|Win64.ActiveCfg = Development|Any CPU
		{BF44DA30-A542-3637-9DC7-E972803FA6FD}.DebugGame|Win64.Build.0 = Development|Any CPU
		{BF44DA30-A542-3637-9DC7-E972803FA6FD}.Development Editor|Win64.ActiveCfg = Development|Any CPU
		{BF44DA30-A542-3637-9DC7-E972803FA6FD}.Development Editor|Win64.Build.0 = Development|Any CPU
		{BF44DA30-A542-3637-9DC7-E972803FA6FD}.Development|Win64.ActiveCfg = Development|Any CPU
		{BF44DA30-A542-3637-9DC7-E972803FA6FD}.Development|Win64.Build.0 = Development|Any CPU
		{BF44DA30-A542-3637-9DC7-E972803FA6FD}.Shipping|Win64.ActiveCfg = Development|Any CPU
		{BF44DA30-A542-3637-9DC7-E972803FA6FD}.Shipping|Win64.Build.0 = Development|Any CPU
		{143CC030-8A45-33A8-9400-774616824826}.DebugGame Editor|Win64.ActiveCfg = Development|Any CPU
		{143CC030-8A45-33A8-9400-774616824826}.DebugGame Editor|Win64.Build.0 = Development|Any CPU
		{143CC030-8A45-33A8-9400-774616824826}.DebugGame|Win64.ActiveCfg = Development|Any CPU
		{143CC030-8A45-33A8-9400-774616824826}.DebugGame|Win64.Build.0 = Development|Any CPU
		{143CC030-8A45-33A8-9400-774616824826}.Development Editor|Win64.ActiveCfg = Development|Any CPU
		{143CC030-8A45-33A8-9400-774616824826}.Development Editor|Win64.Build.0 = Development|Any CPU
		{143CC030-8A45-33A8-9400-774616824826}.Development|Win64.ActiveCfg = Development|Any CPU
		{143CC030-8A45-33A8-9400-774616824826}.Development|Win64.Build.0 = Development|Any CPU
		{143CC030-8A45-33A8-9400-774616824826}.Shipping|Win64.ActiveCfg = Development|Any CPU
		{143CC030-8A45-33A8-9400-774616824826}.Shipping|Win64.Build.0 = Development|Any CPU
		{064B37C0-AB7D-31EC-AE9F-433FF62BD44E}.DebugGame Editor|Win64.ActiveCfg = Development|Any CPU
		{064B37C0-AB7D-31EC-AE9F-433FF62BD44E}.DebugGame Editor|Win64.Build.0 = Development|Any CPU
		{064B37C0-AB7D-31EC-AE9F-433FF62BD44E}.DebugGame|Win64.ActiveCfg = Development|Any CPU
		{064B37C0-AB7D-31EC-AE9F-433FF62BD44E}.DebugGame|Win64.Build.0 = Development|Any CPU
		{064B37C0-AB7D-31EC-AE9F-433FF62BD44E}.Development Editor|Win64.ActiveCfg = Development|Any CPU
		{064B37C0-AB7D-31EC-AE9F-433FF62BD44E}.Development Editor|Win64.Build.0 = Development|Any CPU
		{064B37C0-AB7D-31EC-AE9F-433FF62BD44E}.Development|Win64.ActiveCfg = Development|Any CPU
		{064B37C0-AB7D-31EC-AE9F-433FF62BD44E}.Development|Win64.Build.0 = Development|Any CPU
		{064B37C0-AB7D-31EC-AE9F-433FF62BD44E}.Shipping|Win64.ActiveCfg = Development|Any CPU
		{064B37C0-AB7D-31EC-AE9F-433FF62BD44E}.Shipping|Win64.Build.0 = Development|Any CPU
		{2645BE2B-EA2A-3156-809A-727824B72ED1}.DebugGame Editor|Win64.ActiveCfg = Development|Any CPU
		{2645BE2B-EA2A-3156-809A-727824B72ED1}.DebugGame Editor|Win64.Build.0 = Development|Any CPU
		{2645BE2B-EA2A-3156-809A-727824B72ED1}.DebugGame|Win64.ActiveCfg = Development|Any CPU
		{2645BE2B-EA2A-3156-809A-727824B72ED1}.DebugGame|Win64.Build.0 = Development|Any CPU
		{2645BE2B-EA2A-3156-809A-727824B72ED1}.Development Editor|Win64.ActiveCfg = Development|Any CPU
		{2645BE2B-EA2A-3156-809A-727824B72ED1}.Development Editor|Win64.Build.0 = Development|Any CPU
		{2645BE2B-EA2A-3156-809A-727824B72ED1}.Development|Win64.ActiveCfg = Development|Any CPU
		{2645BE2B-EA2A-3156-809A-727824B72ED1}.Development|Win64.Build.0 = Development|Any CPU
		{2645BE2B-EA2A-3156-809A-727824B72ED1}.Shipping|Win64.ActiveCfg = Development|Any CPU
		{2645BE2B-EA2A-3156-809A-727824B72ED1}.Shipping|Win64.Build.0 = Development|Any CPU
		{2EFA9024-68CF-3AA5-9AE6-11E981E8A139}.DebugGame Editor|Win64.ActiveCfg = Development|Any CPU
		{2EFA9024-68CF-3AA5-9AE6-11E981E8A139}.DebugGame Editor|Win64.Build.0 = Development|Any CPU
		{2EFA9024-68CF-3AA5-9AE6-11E981E8A139}.DebugGame|Win64.ActiveCfg = Development|Any CPU
		{2EFA9024-68CF-3AA5-9AE6-11E981E8A139}.DebugGame|Win64.Build.0 = Development|Any CPU
		{2EFA9024-68CF-3AA5-9AE6-11E981E8A139}.Development Editor|Win64.ActiveCfg = Development|Any CPU
		{2EFA9024-68CF-3AA5-9AE6-11E981E8A139}.Development Editor|Win64.Build.0 = Development|Any CPU
		{2EFA9024-68CF-3AA5-9AE6-11E981E8A139}.Development|Win64.ActiveCfg = Development|Any CPU
		{2EFA9024-68CF-3AA5-9AE6-11E981E8A139}.Development|Win64.Build.0 = Development|Any CPU
		{2EFA9024-68CF-3AA5-9AE6-11E981E8A139}.Shipping|Win64.ActiveCfg = Development|Any CPU
		{2EFA9024-68CF-3AA5-9AE6-11E981E8A139}.Shipping|Win64.Build.0 = Development|Any CPU
		{23CAF69D-43B6-3207-8735-468EAD04906B}.DebugGame Editor|Win64.ActiveCfg = Development|Any CPU
		{23CAF69D-43B6-3207-8735-468EAD04906B}.DebugGame Editor|Win64.Build.0 = Development|Any CPU
		{23CAF69D-43B6-3207-8735-468EAD04906B}.DebugGame|Win64.ActiveCfg = Development|Any CPU
		{23CAF69D-43B6-3207-8735-468EAD04906B}.DebugGame|Win64.Build.0 = Development|Any CPU
		{23CAF69D-43B6-3207-8735-468EAD04906B}.Development Editor|Win64.ActiveCfg = Development|Any CPU
		{23CAF69D-43B6-3207-8735-468EAD04906B}.Development Editor|Win64.Build.0 = Development|Any CPU
		{23CAF69D-43B6-3207-8735-468EAD04906B}.Development|Win64.ActiveCfg = Development|Any CPU
		{23CAF69D-43B6-3207-8735-468EAD04906B}.Development|Win64.Build.0 = Development|Any CPU
		{23CAF69D-43B6-3207-8735-468EAD04906B}.Shipping|Win64.ActiveCfg = Development|Any CPU
		{23CAF69D-43B6-3207-8735-468EAD04906B}.Shipping|Win64.Build.0 = Development|Any CPU
		{2B68AC25-B286-3025-93F6-3999A9DCCF4E}.DebugGame Editor|Win64.ActiveCfg = Development|Any CPU
		{2B68AC25-B286-3025-93F6-3999A9DCCF4E}.DebugGame Editor|Win64.Build.0 = Development|Any CPU
		{2B68AC25-B286-3025-93F6-3999A9DCCF4E}.DebugGame|Win64.ActiveCfg = Development|Any CPU
		{2B68AC25-B286-3025-93F6-3999A9DCCF4E}.DebugGame|Win64.Build.0 = Development|Any CPU
		{2B68AC25-B286-3025-93F6-3999A9DCCF4E}.Development Editor|Win64.ActiveCfg = Development|Any CPU
		{2B68AC25-B286-3025-93F6-3999A9DCCF4E}.Development Editor|Win64.Build.0 = Development|Any CPU
		{2B68AC25-B286-3025-93F6-3999A9DCCF4E}.Development|Win64.ActiveCfg = Development|Any CPU
		{2B68AC25-B286-3025-93F6-3999A9DCCF4E}.Development|Win64.Build.0 = Development|Any CPU
		{2B68AC25-B286-3025-93F6-3999A9DCCF4E}.Shipping|Win64.ActiveCfg = Development|Any CPU
		{2B68AC25-B286-3025-93F6-3999A9DCCF4E}.Shipping|Win64.Build.0 = Development|Any CPU
		{802D49C1-B87C-3281-B3A4-143BC84EB2DA}.DebugGame Editor|Win64.ActiveCfg = Development|Any CPU
		{802D49C1-B87C-3281-B3A4-143BC84EB2DA}.DebugGame Editor|Win64.Build.0 = Development|Any CPU
		{802D49C1-B87C-3281-B3A4-143BC84EB2DA}.DebugGame|Win64.ActiveCfg = Development|Any CPU
		{802D49C1-B87C-3281-B3A4-143BC84EB2DA}.DebugGame|Win64.Build.0 = Development|Any CPU
		{802D49C1-B87C-3281-B3A4-143BC84EB2DA}.Development Editor|Win64.ActiveCfg = Development|Any CPU
		{802D49C1-B87C-3281-B3A4-143BC84EB2DA}.Development Editor|Win64.Build.0 = Development|Any CPU
		{802D49C1-B87C-3281-B3A4-143BC84EB2DA}.Development|Win64.ActiveCfg = Development|Any CPU
		{802D49C1-B87C-3281-B3A4-143BC84EB2DA}.Development|Win64.Build.0 = Development|Any CPU
		{802D49C1-B87C-3281-B3A4-143BC84EB2DA}.Shipping|Win64.ActiveCfg = Development|Any CPU
		{802D49C1-B87C-3281-B3A4-143BC84EB2DA}.Shipping|Win64.Build.0 = Development|Any CPU
		{5CA7670A-0FFA-3B70-A84B-6D080BF52A34}.DebugGame Editor|Win64.ActiveCfg = Development|Any CPU
		{5CA7670A-0FFA-3B70-A84B-6D080BF52A34}.DebugGame Editor|Win64.Build.0 = Development|Any CPU
		{5CA7670A-0FFA-3B70-A84B-6D080BF52A34}.DebugGame|Win64.ActiveCfg = Development|Any CPU
		{5CA7670A-0FFA-3B70-A84B-6D080BF52A34}.DebugGame|Win64.Build.0 = Development|Any CPU
		{5CA7670A-0FFA-3B70-A84B-6D080BF52A34}.Development Editor|Win64.ActiveCfg = Development|Any CPU
		{5CA7670A-0FFA-3B70-A84B-6D080BF52A34}.Development Editor|Win64.Build.0 = Development|Any CPU
		{5CA7670A-0FFA-3B70-A84B-6D080BF52A34}.Development|Win64.ActiveCfg = Development|Any CPU
		{5CA7670A-0FFA-3B70-A84B-6D080BF52A34}.Development|Win64.Build.0 = Development|Any CPU
		{5CA7670A-0FFA-3B70-A84B-6D080BF52A34}.Shipping|Win64.ActiveCfg = Development|Any CPU
		{5CA7670A-0FFA-3B70-A84B-6D080BF52A34}.Shipping|Win64.Build.0 = Development|Any CPU
		{2D316951-C3D3-35DA-B78B-A94A7C7443D3}.DebugGame Editor|Win64.ActiveCfg = Development|Any CPU
		{2D316951-C3D3-35DA-B78B-A94A7C7443D3}.DebugGame Editor|Win64.Build.0 = Development|Any CPU
		{2D316951-C3D3-35DA-B78B-A94A7C7443D3}.DebugGame|Win64.ActiveCfg = Development|Any CPU
		{2D316951-C3D3-35DA-B78B-A94A7C7443D3}.DebugGame|Win64.Build.0 = Development|Any CPU
		{2D316951-C3D3-35DA-B78B-A94A7C7443D3}.Development Editor|Win64.ActiveCfg = Development|Any CPU
		{2D316951-C3D3-35DA-B78B-A94A7C7443D3}.Development Editor|Win64.Build.0 = Development|Any CPU
		{2D316951-C3D3-35DA-B78B-A94A7C7443D3}.Development|Win64.ActiveCfg = Development|Any CPU
		{2D316951-C3D3-35DA-B78B-A94A7C7443D3}.Development|Win64.Build.0 = Development|Any CPU
		{2D316951-C3D3-35DA-B78B-A94A7C7443D3}.Shipping|Win64.ActiveCfg = Development|Any CPU
		{2D316951-C3D3-35DA-B78B-A94A7C7443D3}.Shipping|Win64.Build.0 = Development|Any CPU
		{B014580E-55FA-3480-A4B5-2A77F079F0E6}.DebugGame Editor|Win64.ActiveCfg = Development|Any CPU
		{B014580E-55FA-3480-A4B5-2A77F079F0E6}.DebugGame Editor|Win64.Build.0 = Development|Any CPU
		{B014580E-55FA-3480-A4B5-2A77F079F0E6}.DebugGame|Win64.ActiveCfg = Development|Any CPU
		{B014580E-55FA-3480-A4B5-2A77F079F0E6}.DebugGame|Win64.Build.0 = Development|Any CPU
		{B014580E-55FA-3480-A4B5-2A77F079F0E6}.Development Editor|Win64.ActiveCfg = Development|Any CPU
		{B014580E-55FA-3480-A4B5-2A77F079F0E6}.Development Editor|Win64.Build.0 = Development|Any CPU
		{B014580E-55FA-3480-A4B5-2A77F079F0E6}.Development|Win64.ActiveCfg = Development|Any CPU
		{B014580E-55FA-3480-A4B5-2A77F079F0E6}.Development|Win64.Build.0 = Development|Any CPU
		{B014580E-55FA-3480-A4B5-2A77F079F0E6}.Shipping|Win64.ActiveCfg = Development|Any CPU
		{B014580E-55FA-3480-A4B5-2A77F079F0E6}.Shipping|Win64.Build.0 = Development|Any CPU
		{30C095D1-9A89-3AC5-BF9E-15701FEC9CF3}.DebugGame Editor|Win64.ActiveCfg = Development|Any CPU
		{30C095D1-9A89-3AC5-BF9E-15701FEC9CF3}.DebugGame Editor|Win64.Build.0 = Development|Any CPU
		{30C095D1-9A89-3AC5-BF9E-15701FEC9CF3}.DebugGame|Win64.ActiveCfg = Development|Any CPU
		{30C095D1-9A89-3AC5-BF9E-15701FEC9CF3}.DebugGame|Win64.Build.0 = Development|Any CPU
		{30C095D1-9A89-3AC5-BF9E-15701FEC9CF3}.Development Editor|Win64.ActiveCfg = Development|Any CPU
		{30C095D1-9A89-3AC5-BF9E-15701FEC9CF3}.Development Editor|Win64.Build.0 = Development|Any CPU
		{30C095D1-9A89-3AC5-BF9E-15701FEC9CF3}.Development|Win64.ActiveCfg = Development|Any CPU
		{30C095D1-9A89-3AC5-BF9E-15701FEC9CF3}.Development|Win64.Build.0 = Development|Any CPU
		{30C095D1-9A89-3AC5-BF9E-15701FEC9CF3}.Shipping|Win64.ActiveCfg = Development|Any CPU
		{30C095D1-9A89-3AC5-BF9E-15701FEC9CF3}.Shipping|Win64.Build.0 = Development|Any CPU
		{D5FCCE60-0857-3168-B33C-12A38CEDC8B9}.DebugGame Editor|Win64.ActiveCfg = Development|Any CPU
		{D5FCCE60-0857-3168-B33C-12A38CEDC8B9}.DebugGame Editor|Win64.Build.0 = Development|Any CPU
		{D5FCCE60-0857-3168-B33C-12A38CEDC8B9}.DebugGame|Win64.ActiveCfg = Development|Any CPU
		{D5FCCE60-0857-3168-B33C-12A38CEDC8B9}.DebugGame|Win64.Build.0 = Development|Any CPU
		{D5FCCE60-0857-3168-B33C-12A38CEDC8B9}.Development Editor|Win64.ActiveCfg = Development|Any CPU
		{D5FCCE60-0857-3168-B33C-12A38CEDC8B9}.Development Editor|Win64.Build.0 = Development|Any CPU
		{D5FCCE60-0857-3168-B33C-12A38CEDC8B9}.Development|Win64.ActiveCfg = Development|Any CPU
		{D5FCCE60-0857-3168-B33C-12A38CEDC8B9}.Development|Win64.Build.0 = Development|Any CPU
		{D5FCCE60-0857-3168-B33C-12A38CEDC8B9}.Shipping|Win64.ActiveCfg = Development|Any CPU
		{D5FCCE60-0857-3168-B33C-12A38CEDC8B9}.Shipping|Win64.Build.0 = Development|Any CPU
		{8B4CD7D7-A5C1-307A-AE19-9A2339CF5D13}.DebugGame Editor|Win64.ActiveCfg = Development|Any CPU
		{8B4CD7D7-A5C1-307A-AE19-9A2339CF5D13}.DebugGame Editor|Win64.Build.0 = Development|Any CPU
		{8B4CD7D7-A5C1-307A-AE19-9A2339CF5D13}.DebugGame|Win64.ActiveCfg = Development|Any CPU
		{8B4CD7D7-A5C1-307A-AE19-9A2339CF5D13}.DebugGame|Win64.Build.0 = Development|Any CPU
		{8B4CD7D7-A5C1-307A-AE19-9A2339CF5D13}.Development Editor|Win64.ActiveCfg = Development|Any CPU
		{8B4CD7D7-A5C1-307A-AE19-9A2339CF5D13}.Development Editor|Win64.Build.0 = Development|Any CPU
		{8B4CD7D7-A5C1-307A-AE19-9A2339CF5D13}.Development|Win64.ActiveCfg = Development|Any CPU
		{8B4CD7D7-A5C1-307A-AE19-9A2339CF5D13}.Development|Win64.Build.0 = Development|Any CPU
		{8B4CD7D7-A5C1-307A-AE19-9A2339CF5D13}.Shipping|Win64.ActiveCfg = Development|Any CPU
		{8B4CD7D7-A5C1-307A-AE19-9A2339CF5D13}.Shipping|Win64.Build.0 = Development|Any CPU
		{4FC13A4D-DC7E-3ED7-986F-CF33B02C4664}.DebugGame Editor|Win64.ActiveCfg = Development|Any CPU
		{4FC13A4D-DC7E-3ED7-986F-CF33B02C4664}.DebugGame Editor|Win64.Build.0 = Development|Any CPU
		{4FC13A4D-DC7E-3ED7-986F-CF33B02C4664}.DebugGame|Win64.ActiveCfg = Development|Any CPU
		{4FC13A4D-DC7E-3ED7-986F-CF33B02C4664}.DebugGame|Win64.Build.0 = Development|Any CPU
		{4FC13A4D-DC7E-3ED7-986F-CF33B02C4664}.Development Editor|Win64.ActiveCfg = Development|Any CPU
		{4FC13A4D-DC7E-3ED7-986F-CF33B02C4664}.Development Editor|Win64.Build.0 = Development|Any CPU
		{4FC13A4D-DC7E-3ED7-986F-CF33B02C4664}.Development|Win64.ActiveCfg = Development|Any CPU
		{4FC13A4D-DC7E-3ED7-986F-CF33B02C4664}.Development|Win64.Build.0 = Development|Any CPU
		{4FC13A4D-DC7E-3ED7-986F-CF33B02C4664}.Shipping|Win64.ActiveCfg = Development|Any CPU
		{4FC13A4D-DC7E-3ED7-986F-CF33B02C4664}.Shipping|Win64.Build.0 = Development|Any CPU
		{63E677FB-9F42-3752-BA70-A379770ABBF5}.DebugGame Editor|Win64.ActiveCfg = Development|Any CPU
		{63E677FB-9F42-3752-BA70-A379770ABBF5}.DebugGame Editor|Win64.Build.0 = Development|Any CPU
		{63E677FB-9F42-3752-BA70-A379770ABBF5}.DebugGame|Win64.ActiveCfg = Development|Any CPU
		{63E677FB-9F42-3752-BA70-A379770ABBF5}.DebugGame|Win64.Build.0 = Development|Any CPU
		{63E677FB-9F42-3752-BA70-A379770ABBF5}.Development Editor|Win64.ActiveCfg = Development|Any CPU
		{63E677FB-9F42-3752-BA70-A379770ABBF5}.Development Editor|Win64.Build.0 = Development|Any CPU
		{63E677FB-9F42-3752-BA70-A379770ABBF5}.Development|Win64.ActiveCfg = Development|Any CPU
		{63E677FB-9F42-3752-BA70-A379770ABBF5}.Development|Win64.Build.0 = Development|Any CPU
		{63E677FB-9F42-3752-BA70-A379770ABBF5}.Shipping|Win64.ActiveCfg = Development|Any CPU
		{63E677FB-9F42-3752-BA70-A379770ABBF5}.Shipping|Win64.Build.0 = Development|Any CPU
		{FFAA5BD8-3D07-3BCA-8D74-1E99CDB49E38}.DebugGame Editor|Win64.ActiveCfg = Development|Any CPU
		{FFAA5BD8-3D07-3BCA-8D74-1E99CDB49E38}.DebugGame Editor|Win64.Build.0 = Development|Any CPU
		{FFAA5BD8-3D07-3BCA-8D74-1E99CDB49E38}.DebugGame|Win64.ActiveCfg = Development|Any CPU
		{FFAA5BD8-3D07-3BCA-8D74-1E99CDB49E38}.DebugGame|Win64.Build.0 = Development|Any CPU
		{FFAA5BD8-3D07-3BCA-8D74-1E99CDB49E38}.Development Editor|Win64.ActiveCfg = Development|Any CPU
		{FFAA5BD8-3D07-3BCA-8D74-1E99CDB49E38}.Development Editor|Win64.Build.0 = Development|Any CPU
		{FFAA5BD8-3D07-3BCA-8D74-1E99CDB49E38}.Development|Win64.ActiveCfg = Development|Any CPU
		{FFAA5BD8-3D07-3BCA-8D74-1E99CDB49E38}.Development|Win64.Build.0 = Development|Any CPU
		{FFAA5BD8-3D07-3BCA-8D74-1E99CDB49E38}.Shipping|Win64.ActiveCfg = Development|Any CPU
		{FFAA5BD8-3D07-3BCA-8D74-1E99CDB49E38}.Shipping|Win64.Build.0 = Development|Any CPU
		{D155D13A-2118-34D1-913A-1D90EEBEA561}.DebugGame Editor|Win64.ActiveCfg = Development|Any CPU
		{D155D13A-2118-34D1-913A-1D90EEBEA561}.DebugGame Editor|Win64.Build.0 = Development|Any CPU
		{D155D13A-2118-34D1-913A-1D90EEBEA561}.DebugGame|Win64.ActiveCfg = Development|Any CPU
		{D155D13A-2118-34D1-913A-1D90EEBEA561}.DebugGame|Win64.Build.0 = Development|Any CPU
		{D155D13A-2118-34D1-913A-1D90EEBEA561}.Development Editor|Win64.ActiveCfg = Development|Any CPU
		{D155D13A-2118-34D1-913A-1D90EEBEA561}.Development Editor|Win64.Build.0 = Development|Any CPU
		{D155D13A-2118-34D1-913A-1D90EEBEA561}.Development|Win64.ActiveCfg = Development|Any CPU
		{D155D13A-2118-34D1-913A-1D90EEBEA561}.Development|Win64.Build.0 = Development|Any CPU
		{D155D13A-2118-34D1-913A-1D90EEBEA561}.Shipping|Win64.ActiveCfg = Development|Any CPU
		{D155D13A-2118-34D1-913A-1D90EEBEA561}.Shipping|Win64.Build.0 = Development|Any CPU
		{D15DBBE0-9BF2-3F27-8DF2-C63935AA9A2A}.DebugGame Editor|Win64.ActiveCfg = Development|Any CPU
		{D15DBBE0-9BF2-3F27-8DF2-C63935AA9A2A}.DebugGame Editor|Win64.Build.0 = Development|Any CPU
		{D15DBBE0-9BF2-3F27-8DF2-C63935AA9A2A}.DebugGame|Win64.ActiveCfg = Development|Any CPU
		{D15DBBE0-9BF2-3F27-8DF2-C63935AA9A2A}.DebugGame|Win64.Build.0 = Development|Any CPU
		{D15DBBE0-9BF2-3F27-8DF2-C63935AA9A2A}.Development Editor|Win64.ActiveCfg = Development|Any CPU
		{D15DBBE0-9BF2-3F27-8DF2-C63935AA9A2A}.Development Editor|Win64.Build.0 = Development|Any CPU
		{D15DBBE0-9BF2-3F27-8DF2-C63935AA9A2A}.Development|Win64.ActiveCfg = Development|Any CPU
		{D15DBBE0-9BF2-3F27-8DF2-C63935AA9A2A}.Development|Win64.Build.0 = Development|Any CPU
		{D15DBBE0-9BF2-3F27-8DF2-C63935AA9A2A}.Shipping|Win64.ActiveCfg = Development|Any CPU
		{D15DBBE0-9BF2-3F27-8DF2-C63935AA9A2A}.Shipping|Win64.Build.0 = Development|Any CPU
		{3036D042-12AD-30E2-8E45-2C27653A7911}.DebugGame Editor|Win64.ActiveCfg = Development|Any CPU
		{3036D042-12AD-30E2-8E45-2C27653A7911}.DebugGame Editor|Win64.Build.0 = Development|Any CPU
		{3036D042-12AD-30E2-8E45-2C27653A7911}.DebugGame|Win64.ActiveCfg = Development|Any CPU
		{3036D042-12AD-30E2-8E45-2C27653A7911}.DebugGame|Win64.Build.0 = Development|Any CPU
		{3036D042-12AD-30E2-8E45-2C27653A7911}.Development Editor|Win64.ActiveCfg = Development|Any CPU
		{3036D042-12AD-30E2-8E45-2C27653A7911}.Development Editor|Win64.Build.0 = Development|Any CPU
		{3036D042-12AD-30E2-8E45-2C27653A7911}.Development|Win64.ActiveCfg = Development|Any CPU
		{3036D042-12AD-30E2-8E45-2C27653A7911}.Development|Win64.Build.0 = Development|Any CPU
		{3036D042-12AD-30E2-8E45-2C27653A7911}.Shipping|Win64.ActiveCfg = Development|Any CPU
		{3036D042-12AD-30E2-8E45-2C27653A7911}.Shipping|Win64.Build.0 = Development|Any CPU
		{F326C151-0BFA-3579-9F4B-D7196BBE29E7}.DebugGame Editor|Win64.ActiveCfg = Development|Any CPU
		{F326C151-0BFA-3579-9F4B-D7196BBE29E7}.DebugGame Editor|Win64.Build.0 = Development|Any CPU
		{F326C151-0BFA-3579-9F4B-D7196BBE29E7}.DebugGame|Win64.ActiveCfg = Development|Any CPU
		{F326C151-0BFA-3579-9F4B-D7196BBE29E7}.DebugGame|Win64.Build.0 = Development|Any CPU
		{F326C151-0BFA-3579-9F4B-D7196BBE29E7}.Development Editor|Win64.ActiveCfg = Development|Any CPU
		{F326C151-0BFA-3579-9F4B-D7196BBE29E7}.Development Editor|Win64.Build.0 = Development|Any CPU
		{F326C151-0BFA-3579-9F4B-D7196BBE29E7}.Development|Win64.ActiveCfg = Development|Any CPU
		{F326C151-0BFA-3579-9F4B-D7196BBE29E7}.Development|Win64.Build.0 = Development|Any CPU
		{F326C151-0BFA-3579-9F4B-D7196BBE29E7}.Shipping|Win64.ActiveCfg = Development|Any CPU
		{F326C151-0BFA-3579-9F4B-D7196BBE29E7}.Shipping|Win64.Build.0 = Development|Any CPU
		{CCB8D34E-6603-35BA-AEDB-78049ECC455F}.DebugGame Editor|Win64.ActiveCfg = Development|Any CPU
		{CCB8D34E-6603-35BA-AEDB-78049ECC455F}.DebugGame Editor|Win64.Build.0 = Development|Any CPU
		{CCB8D34E-6603-35BA-AEDB-78049ECC455F}.DebugGame|Win64.ActiveCfg = Development|Any CPU
		{CCB8D34E-6603-35BA-AEDB-78049ECC455F}.DebugGame|Win64.Build.0 = Development|Any CPU
		{CCB8D34E-6603-35BA-AEDB-78049ECC455F}.Development Editor|Win64.ActiveCfg = Development|Any CPU
		{CCB8D34E-6603-35BA-AEDB-78049ECC455F}.Development Editor|Win64.Build.0 = Development|Any CPU
		{CCB8D34E-6603-35BA-AEDB-78049ECC455F}.Development|Win64.ActiveCfg = Development|Any CPU
		{CCB8D34E-6603-35BA-AEDB-78049ECC455F}.Development|Win64.Build.0 = Development|Any CPU
		{CCB8D34E-6603-35BA-AEDB-78049ECC455F}.Shipping|Win64.ActiveCfg = Development|Any CPU
		{CCB8D34E-6603-35BA-AEDB-78049ECC455F}.Shipping|Win64.Build.0 = Development|Any CPU
		{3AB2FEEB-B3D6-3252-A2DF-4CC4664C6B24}.DebugGame Editor|Win64.ActiveCfg = Development|Any CPU
		{3AB2FEEB-B3D6-3252-A2DF-4CC4664C6B24}.DebugGame Editor|Win64.Build.0 = Development|Any CPU
		{3AB2FEEB-B3D6-3252-A2DF-4CC4664C6B24}.DebugGame|Win64.ActiveCfg = Development|Any CPU
		{3AB2FEEB-B3D6-3252-A2DF-4CC4664C6B24}.DebugGame|Win64.Build.0 = Development|Any CPU
		{3AB2FEEB-B3D6-3252-A2DF-4CC4664C6B24}.Development Editor|Win64.ActiveCfg = Development|Any CPU
		{3AB2FEEB-B3D6-3252-A2DF-4CC4664C6B24}.Development Editor|Win64.Build.0 = Development|Any CPU
		{3AB2FEEB-B3D6-3252-A2DF-4CC4664C6B24}.Development|Win64.ActiveCfg = Development|Any CPU
		{3AB2FEEB-B3D6-3252-A2DF-4CC4664C6B24}.Development|Win64.Build.0 = Development|Any CPU
		{3AB2FEEB-B3D6-3252-A2DF-4CC4664C6B24}.Shipping|Win64.ActiveCfg = Development|Any CPU
		{3AB2FEEB-B3D6-3252-A2DF-4CC4664C6B24}.Shipping|Win64.Build.0 = Development|Any CPU
		{2EDB711E-3741-3489-876F-E691BD7D82C7}.DebugGame Editor|Win64.ActiveCfg = Development|Any CPU
		{2EDB711E-3741-3489-876F-E691BD7D82C7}.DebugGame Editor|Win64.Build.0 = Development|Any CPU
		{2EDB711E-3741-3489-876F-E691BD7D82C7}.DebugGame|Win64.ActiveCfg = Development|Any CPU
		{2EDB711E-3741-3489-876F-E691BD7D82C7}.DebugGame|Win64.Build.0 = Development|Any CPU
		{2EDB711E-3741-3489-876F-E691BD7D82C7}.Development Editor|Win64.ActiveCfg = Development|Any CPU
		{2EDB711E-3741-3489-876F-E691BD7D82C7}.Development Editor|Win64.Build.0 = Development|Any CPU
		{2EDB711E-3741-3489-876F-E691BD7D82C7}.Development|Win64.ActiveCfg = Development|Any CPU
		{2EDB711E-3741-3489-876F-E691BD7D82C7}.Development|Win64.Build.0 = Development|Any CPU
		{2EDB711E-3741-3489-876F-E691BD7D82C7}.Shipping|Win64.ActiveCfg = Development|Any CPU
		{2EDB711E-3741-3489-876F-E691BD7D82C7}.Shipping|Win64.Build.0 = Development|Any CPU
		{CAC24A6E-1758-3A6A-BDC0-4CE6F94BD48D}.DebugGame Editor|Win64.ActiveCfg = Development|Any CPU
		{CAC24A6E-1758-3A6A-BDC0-4CE6F94BD48D}.DebugGame Editor|Win64.Build.0 = Development|Any CPU
		{CAC24A6E-1758-3A6A-BDC0-4CE6F94BD48D}.DebugGame|Win64.ActiveCfg = Development|Any CPU
		{CAC24A6E-1758-3A6A-BDC0-4CE6F94BD48D}.DebugGame|Win64.Build.0 = Development|Any CPU
		{CAC24A6E-1758-3A6A-BDC0-4CE6F94BD48D}.Development Editor|Win64.ActiveCfg = Development|Any CPU
		{CAC24A6E-1758-3A6A-BDC0-4CE6F94BD48D}.Development Editor|Win64.Build.0 = Development|Any CPU
		{CAC24A6E-1758-3A6A-BDC0-4CE6F94BD48D}.Development|Win64.ActiveCfg = Development|Any CPU
		{CAC24A6E-1758-3A6A-BDC0-4CE6F94BD48D}.Development|Win64.Build.0 = Development|Any CPU
		{CAC24A6E-1758-3A6A-BDC0-4CE6F94BD48D}.Shipping|Win64.ActiveCfg = Development|Any CPU
		{CAC24A6E-1758-3A6A-BDC0-4CE6F94BD48D}.Shipping|Win64.Build.0 = Development|Any CPU
		{AF1AB6D6-235D-3098-BFAF-A9526EE44B34}.DebugGame Editor|Win64.ActiveCfg = Development|Any CPU
		{AF1AB6D6-235D-3098-BFAF-A9526EE44B34}.DebugGame Editor|Win64.Build.0 = Development|Any CPU
		{AF1AB6D6-235D-3098-BFAF-A9526EE44B34}.DebugGame|Win64.ActiveCfg = Development|Any CPU
		{AF1AB6D6-235D-3098-BFAF-A9526EE44B34}.DebugGame|Win64.Build.0 = Development|Any CPU
		{AF1AB6D6-235D-3098-BFAF-A9526EE44B34}.Development Editor|Win64.ActiveCfg = Development|Any CPU
		{AF1AB6D6-235D-3098-BFAF-A9526EE44B34}.Development Editor|Win64.Build.0 = Development|Any CPU
		{AF1AB6D6-235D-3098-BFAF-A9526EE44B34}.Development|Win64.ActiveCfg = Development|Any CPU
		{AF1AB6D6-235D-3098-BFAF-A9526EE44B34}.Development|Win64.Build.0 = Development|Any CPU
		{AF1AB6D6-235D-3098-BFAF-A9526EE44B34}.Shipping|Win64.ActiveCfg = Development|Any CPU
		{AF1AB6D6-235D-3098-BFAF-A9526EE44B34}.Shipping|Win64.Build.0 = Development|Any CPU
		{B4EEA337-5077-306A-8B72-A0D767A5AD28}.DebugGame Editor|Win64.ActiveCfg = Development|Any CPU
		{B4EEA337-5077-306A-8B72-A0D767A5AD28}.DebugGame Editor|Win64.Build.0 = Development|Any CPU
		{B4EEA337-5077-306A-8B72-A0D767A5AD28}.DebugGame|Win64.ActiveCfg = Development|Any CPU
		{B4EEA337-5077-306A-8B72-A0D767A5AD28}.DebugGame|Win64.Build.0 = Development|Any CPU
		{B4EEA337-5077-306A-8B72-A0D767A5AD28}.Development Editor|Win64.ActiveCfg = Development|Any CPU
		{B4EEA337-5077-306A-8B72-A0D767A5AD28}.Development Editor|Win64.Build.0 = Development|Any CPU
		{B4EEA337-5077-306A-8B72-A0D767A5AD28}.Development|Win64.ActiveCfg = Development|Any CPU
		{B4EEA337-5077-306A-8B72-A0D767A5AD28}.Development|Win64.Build.0 = Development|Any CPU
		{B4EEA337-5077-306A-8B72-A0D767A5AD28}.Shipping|Win64.ActiveCfg = Development|Any CPU
		{B4EEA337-5077-306A-8B72-A0D767A5AD28}.Shipping|Win64.Build.0 = Development|Any CPU
		{FB0DBAE3-8AC5-3892-B3FC-94F43200CC82}.DebugGame Editor|Win64.ActiveCfg = Development|Any CPU
		{FB0DBAE3-8AC5-3892-B3FC-94F43200CC82}.DebugGame Editor|Win64.Build.0 = Development|Any CPU
		{FB0DBAE3-8AC5-3892-B3FC-94F43200CC82}.DebugGame|Win64.ActiveCfg = Development|Any CPU
		{FB0DBAE3-8AC5-3892-B3FC-94F43200CC82}.DebugGame|Win64.Build.0 = Development|Any CPU
		{FB0DBAE3-8AC5-3892-B3FC-94F43200CC82}.Development Editor|Win64.ActiveCfg = Development|Any CPU
		{FB0DBAE3-8AC5-3892-B3FC-94F43200CC82}.Development Editor|Win64.Build.0 = Development|Any CPU
		{FB0DBAE3-8AC5-3892-B3FC-94F43200CC82}.Development|Win64.ActiveCfg = Development|Any CPU
		{FB0DBAE3-8AC5-3892-B3FC-94F43200CC82}.Development|Win64.Build.0 = Development|Any CPU
		{FB0DBAE3-8AC5-3892-B3FC-94F43200CC82}.Shipping|Win64.ActiveCfg = Development|Any CPU
		{FB0DBAE3-8AC5-3892-B3FC-94F43200CC82}.Shipping|Win64.Build.0 = Development|Any CPU
		{01ACA9C7-C8F5-3AE1-A4B8-E11EDACFB5C7}.DebugGame Editor|Win64.ActiveCfg = Development|Any CPU
		{01ACA9C7-C8F5-3AE1-A4B8-E11EDACFB5C7}.DebugGame Editor|Win64.Build.0 = Development|Any CPU
		{01ACA9C7-C8F5-3AE1-A4B8-E11EDACFB5C7}.DebugGame|Win64.ActiveCfg = Development|Any CPU
		{01ACA9C7-C8F5-3AE1-A4B8-E11EDACFB5C7}.DebugGame|Win64.Build.0 = Development|Any CPU
		{01ACA9C7-C8F5-3AE1-A4B8-E11EDACFB5C7}.Development Editor|Win64.ActiveCfg = Development|Any CPU
		{01ACA9C7-C8F5-3AE1-A4B8-E11EDACFB5C7}.Development Editor|Win64.Build.0 = Development|Any CPU
		{01ACA9C7-C8F5-3AE1-A4B8-E11EDACFB5C7}.Development|Win64.ActiveCfg = Development|Any CPU
		{01ACA9C7-C8F5-3AE1-A4B8-E11EDACFB5C7}.Development|Win64.Build.0 = Development|Any CPU
		{01ACA9C7-C8F5-3AE1-A4B8-E11EDACFB5C7}.Shipping|Win64.ActiveCfg = Development|Any CPU
		{01ACA9C7-C8F5-3AE1-A4B8-E11EDACFB5C7}.Shipping|Win64.Build.0 = Development|Any CPU
		{4FC13643-6C2C-3627-9BDF-E9218A4B93FE}.DebugGame Editor|Win64.ActiveCfg = Development|Any CPU
		{4FC13643-6C2C-3627-9BDF-E9218A4B93FE}.DebugGame Editor|Win64.Build.0 = Development|Any CPU
		{4FC13643-6C2C-3627-9BDF-E9218A4B93FE}.DebugGame|Win64.ActiveCfg = Development|Any CPU
		{4FC13643-6C2C-3627-9BDF-E9218A4B93FE}.DebugGame|Win64.Build.0 = Development|Any CPU
		{4FC13643-6C2C-3627-9BDF-E9218A4B93FE}.Development Editor|Win64.ActiveCfg = Development|Any CPU
		{4FC13643-6C2C-3627-9BDF-E9218A4B93FE}.Development Editor|Win64.Build.0 = Development|Any CPU
		{4FC13643-6C2C-3627-9BDF-E9218A4B93FE}.Development|Win64.ActiveCfg = Development|Any CPU
		{4FC13643-6C2C-3627-9BDF-E9218A4B93FE}.Development|Win64.Build.0 = Development|Any CPU
		{4FC13643-6C2C-3627-9BDF-E9218A4B93FE}.Shipping|Win64.ActiveCfg = Development|Any CPU
		{4FC13643-6C2C-3627-9BDF-E9218A4B93FE}.Shipping|Win64.Build.0 = Development|Any CPU
		{515DDC9F-9539-307A-9E42-D44A6B6B8857}.DebugGame Editor|Win64.ActiveCfg = Development|Any CPU
		{515DDC9F-9539-307A-9E42-D44A6B6B8857}.DebugGame Editor|Win64.Build.0 = Development|Any CPU
		{515DDC9F-9539-307A-9E42-D44A6B6B8857}.DebugGame|Win64.ActiveCfg = Development|Any CPU
		{515DDC9F-9539-307A-9E42-D44A6B6B8857}.DebugGame|Win64.Build.0 = Development|Any CPU
		{515DDC9F-9539-307A-9E42-D44A6B6B8857}.Development Editor|Win64.ActiveCfg = Development|Any CPU
		{515DDC9F-9539-307A-9E42-D44A6B6B8857}.Development Editor|Win64.Build.0 = Development|Any CPU
		{515DDC9F-9539-307A-9E42-D44A6B6B8857}.Development|Win64.ActiveCfg = Development|Any CPU
		{515DDC9F-9539-307A-9E42-D44A6B6B8857}.Development|Win64.Build.0 = Development|Any CPU
		{515DDC9F-9539-307A-9E42-D44A6B6B8857}.Shipping|Win64.ActiveCfg = Development|Any CPU
		{515DDC9F-9539-307A-9E42-D44A6B6B8857}.Shipping|Win64.Build.0 = Development|Any CPU
	EndGlobalSection
	GlobalSection(SolutionProperties) = preSolution
		HideSolutionNode = FALSE
	EndGlobalSection
	GlobalSection(NestedProjects) = preSolution
		{2EC58D24-884A-34C5-BB7C-F13EB0916873} = {233774A8-CC9D-3FA9-86D1-90573E92B704}
		{BF7DB8C2-882C-393B-BAE6-0871599C5C5B} = {DE1F8B53-6C02-3C13-9101-A7C8D96F3FF6}
		{9DBC3DC5-58D2-39A2-943B-ECC436AAAF6E} = {A338B9E2-A559-34BE-A46D-F789DD488FAD}
		{6A768F39-F99E-34C4-AB80-895A65070786} = {A338B9E2-A559-34BE-A46D-F789DD488FAD}
		{0BFBE63A-B98A-3411-8EEB-8918FEC737B3} = {A338B9E2-A559-34BE-A46D-F789DD488FAD}
		{7B5CFB44-F0FB-31DF-AE62-C3C096A29A7B} = {A338B9E2-A559-34BE-A46D-F789DD488FAD}
		{57713676-9DBE-331C-AD10-26632AC9EE0C} = {A338B9E2-A559-34BE-A46D-F789DD488FAD}
		{62C63816-3623-3065-89A5-0CD5B83A6072} = {0BFBE63A-B98A-3411-8EEB-8918FEC737B3}
		{723B0773-0B92-3422-A6EE-359B8823D17A} = {0BFBE63A-B98A-3411-8EEB-8918FEC737B3}
		{C57C110C-5977-380A-9AA5-E5EF94730838} = {0BFBE63A-B98A-3411-8EEB-8918FEC737B3}
		{F717502C-F958-369C-9F6F-096570AA10F9} = {0BFBE63A-B98A-3411-8EEB-8918FEC737B3}
		{FE1C2793-EEF8-3E93-8268-083A5FA473C9} = {0BFBE63A-B98A-3411-8EEB-8918FEC737B3}
		{2C6EBF83-51D3-33DC-B5E2-C2F975212CF4} = {0BFBE63A-B98A-3411-8EEB-8918FEC737B3}
		{3CB1199E-B43F-323A-B526-902A0F0020FE} = {0BFBE63A-B98A-3411-8EEB-8918FEC737B3}
		{56085AC3-E87C-316F-9E0C-2BFFEE0079EE} = {0BFBE63A-B98A-3411-8EEB-8918FEC737B3}
		{327D9E09-9D26-3383-827C-21539C87D399} = {0BFBE63A-B98A-3411-8EEB-8918FEC737B3}
		{A0D4659C-E853-3C17-BE06-DE47AFA33F53} = {0BFBE63A-B98A-3411-8EEB-8918FEC737B3}
		{05E1DE64-3E20-39D1-80A2-8132D2C3C063} = {0BFBE63A-B98A-3411-8EEB-8918FEC737B3}
		{E9228C24-479C-3843-A7F3-BBAAD5AD37AE} = {0BFBE63A-B98A-3411-8EEB-8918FEC737B3}
		{B0AC8690-7C80-330B-AA4C-3ADE44C878C5} = {0BFBE63A-B98A-3411-8EEB-8918FEC737B3}
		{4BA32D92-D70F-3E89-8445-C0CE3326DA81} = {0BFBE63A-B98A-3411-8EEB-8918FEC737B3}
		{BF44DA30-A542-3637-9DC7-E972803FA6FD} = {0BFBE63A-B98A-3411-8EEB-8918FEC737B3}
		{143CC030-8A45-33A8-9400-774616824826} = {0BFBE63A-B98A-3411-8EEB-8918FEC737B3}
		{064B37C0-AB7D-31EC-AE9F-433FF62BD44E} = {0BFBE63A-B98A-3411-8EEB-8918FEC737B3}
		{2645BE2B-EA2A-3156-809A-727824B72ED1} = {0BFBE63A-B98A-3411-8EEB-8918FEC737B3}
		{2EFA9024-68CF-3AA5-9AE6-11E981E8A139} = {0BFBE63A-B98A-3411-8EEB-8918FEC737B3}
		{23CAF69D-43B6-3207-8735-468EAD04906B} = {0BFBE63A-B98A-3411-8EEB-8918FEC737B3}
		{2B68AC25-B286-3025-93F6-3999A9DCCF4E} = {7B5CFB44-F0FB-31DF-AE62-C3C096A29A7B}
		{802D49C1-B87C-3281-B3A4-143BC84EB2DA} = {57713676-9DBE-331C-AD10-26632AC9EE0C}
		{5CA7670A-0FFA-3B70-A84B-6D080BF52A34} = {57713676-9DBE-331C-AD10-26632AC9EE0C}
		{2D316951-C3D3-35DA-B78B-A94A7C7443D3} = {57713676-9DBE-331C-AD10-26632AC9EE0C}
		{B014580E-55FA-3480-A4B5-2A77F079F0E6} = {57713676-9DBE-331C-AD10-26632AC9EE0C}
		{30C095D1-9A89-3AC5-BF9E-15701FEC9CF3} = {57713676-9DBE-331C-AD10-26632AC9EE0C}
		{D5FCCE60-0857-3168-B33C-12A38CEDC8B9} = {57713676-9DBE-331C-AD10-26632AC9EE0C}
		{8B4CD7D7-A5C1-307A-AE19-9A2339CF5D13} = {57713676-9DBE-331C-AD10-26632AC9EE0C}
		{4FC13A4D-DC7E-3ED7-986F-CF33B02C4664} = {57713676-9DBE-331C-AD10-26632AC9EE0C}
		{63E677FB-9F42-3752-BA70-A379770ABBF5} = {57713676-9DBE-331C-AD10-26632AC9EE0C}
		{FFAA5BD8-3D07-3BCA-8D74-1E99CDB49E38} = {57713676-9DBE-331C-AD10-26632AC9EE0C}
		{D155D13A-2118-34D1-913A-1D90EEBEA561} = {57713676-9DBE-331C-AD10-26632AC9EE0C}
		{D15DBBE0-9BF2-3F27-8DF2-C63935AA9A2A} = {57713676-9DBE-331C-AD10-26632AC9EE0C}
		{3036D042-12AD-30E2-8E45-2C27653A7911} = {57713676-9DBE-331C-AD10-26632AC9EE0C}
		{F326C151-0BFA-3579-9F4B-D7196BBE29E7} = {57713676-9DBE-331C-AD10-26632AC9EE0C}
		{CCB8D34E-6603-35BA-AEDB-78049ECC455F} = {57713676-9DBE-331C-AD10-26632AC9EE0C}
		{3AB2FEEB-B3D6-3252-A2DF-4CC4664C6B24} = {57713676-9DBE-331C-AD10-26632AC9EE0C}
		{2EDB711E-3741-3489-876F-E691BD7D82C7} = {57713676-9DBE-331C-AD10-26632AC9EE0C}
		{CAC24A6E-1758-3A6A-BDC0-4CE6F94BD48D} = {57713676-9DBE-331C-AD10-26632AC9EE0C}
		{AF1AB6D6-235D-3098-BFAF-A9526EE44B34} = {57713676-9DBE-331C-AD10-26632AC9EE0C}
		{B4EEA337-5077-306A-8B72-A0D767A5AD28} = {57713676-9DBE-331C-AD10-26632AC9EE0C}
		{FB0DBAE3-8AC5-3892-B3FC-94F43200CC82} = {C2F57ECE-B26F-39D8-BDA7-C1D40BD8F180}
		{01ACA9C7-C8F5-3AE1-A4B8-E11EDACFB5C7} = {C2F57ECE-B26F-39D8-BDA7-C1D40BD8F180}
		{4FC13643-6C2C-3627-9BDF-E9218A4B93FE} = {C2F57ECE-B26F-39D8-BDA7-C1D40BD8F180}
		{515DDC9F-9539-307A-9E42-D44A6B6B8857} = {C2F57ECE-B26F-39D8-BDA7-C1D40BD8F180}
	EndGlobalSection
EndGlobal
